// !$*UTF8*$!
{
	archiveVersion = 1;
	classes = {
	};
	objectVersion = 51;
	objects = {

/* Begin PBXBuildFile section */
		840F80962352CB330099DF6A /* AppDelegate.swift in Sources */ = {isa = PBXBuildFile; fileRef = 840F80952352CB330099DF6A /* AppDelegate.swift */; };
		840F809B2352CB330099DF6A /* Main.storyboard in Resources */ = {isa = PBXBuildFile; fileRef = 840F80992352CB330099DF6A /* Main.storyboard */; };
		840F809D2352CB350099DF6A /* Assets.xcassets in Resources */ = {isa = PBXBuildFile; fileRef = 840F809C2352CB350099DF6A /* Assets.xcassets */; };
		840F80A02352CB350099DF6A /* LaunchScreen.storyboard in Resources */ = {isa = PBXBuildFile; fileRef = 840F809E2352CB350099DF6A /* LaunchScreen.storyboard */; };
		840F80A82352CDC80099DF6A /* DetailVC.swift in Sources */ = {isa = PBXBuildFile; fileRef = 840F80A72352CDC80099DF6A /* DetailVC.swift */; };
		840F80AA2352D1BC0099DF6A /* ListVC.swift in Sources */ = {isa = PBXBuildFile; fileRef = 840F80A92352D1BC0099DF6A /* ListVC.swift */; };
		840F80AC2352D3B10099DF6A /* PageVC.swift in Sources */ = {isa = PBXBuildFile; fileRef = 840F80AB2352D3B10099DF6A /* PageVC.swift */; };
		84574C11235CD2B90038EF4F /* WeatherLocation.swift in Sources */ = {isa = PBXBuildFile; fileRef = 84574C10235CD2B90038EF4F /* WeatherLocation.swift */; };
		84574C13235D11DB0038EF4F /* Constants.swift in Sources */ = {isa = PBXBuildFile; fileRef = 84574C12235D11DB0038EF4F /* Constants.swift */; };
		84E00278236680BC00F5901C /* DayWeatherCell.swift in Sources */ = {isa = PBXBuildFile; fileRef = 84E00277236680BC00F5901C /* DayWeatherCell.swift */; };
		CA08761971E169469560EB67 /* Pods_weather_gift.framework in Frameworks */ = {isa = PBXBuildFile; fileRef = A7EE832FE26ED381FB6CE9BA /* Pods_weather_gift.framework */; };
/* End PBXBuildFile section */

/* Begin PBXFileReference section */
		840F80922352CB330099DF6A /* weather gift.app */ = {isa = PBXFileReference; explicitFileType = wrapper.application; includeInIndex = 0; path = "weather gift.app"; sourceTree = BUILT_PRODUCTS_DIR; };
		840F80952352CB330099DF6A /* AppDelegate.swift */ = {isa = PBXFileReference; lastKnownFileType = sourcecode.swift; path = AppDelegate.swift; sourceTree = "<group>"; };
		840F809A2352CB330099DF6A /* Base */ = {isa = PBXFileReference; lastKnownFileType = file.storyboard; name = Base; path = Base.lproj/Main.storyboard; sourceTree = "<group>"; };
		840F809C2352CB350099DF6A /* Assets.xcassets */ = {isa = PBXFileReference; lastKnownFileType = folder.assetcatalog; path = Assets.xcassets; sourceTree = "<group>"; };
		840F809F2352CB350099DF6A /* Base */ = {isa = PBXFileReference; lastKnownFileType = file.storyboard; name = Base; path = Base.lproj/LaunchScreen.storyboard; sourceTree = "<group>"; };
		840F80A12352CB350099DF6A /* Info.plist */ = {isa = PBXFileReference; lastKnownFileType = text.plist.xml; path = Info.plist; sourceTree = "<group>"; };
		840F80A72352CDC80099DF6A /* DetailVC.swift */ = {isa = PBXFileReference; lastKnownFileType = sourcecode.swift; path = DetailVC.swift; sourceTree = "<group>"; };
		840F80A92352D1BC0099DF6A /* ListVC.swift */ = {isa = PBXFileReference; lastKnownFileType = sourcecode.swift; path = ListVC.swift; sourceTree = "<group>"; };
		840F80AB2352D3B10099DF6A /* PageVC.swift */ = {isa = PBXFileReference; lastKnownFileType = sourcecode.swift; path = PageVC.swift; sourceTree = "<group>"; };
		84574C10235CD2B90038EF4F /* WeatherLocation.swift */ = {isa = PBXFileReference; lastKnownFileType = sourcecode.swift; path = WeatherLocation.swift; sourceTree = "<group>"; };
		84574C12235D11DB0038EF4F /* Constants.swift */ = {isa = PBXFileReference; lastKnownFileType = sourcecode.swift; path = Constants.swift; sourceTree = "<group>"; };
		84E00277236680BC00F5901C /* DayWeatherCell.swift */ = {isa = PBXFileReference; lastKnownFileType = sourcecode.swift; path = DayWeatherCell.swift; sourceTree = "<group>"; };
		A07153F9C96CC2FD6F9F8364 /* Pods-weather gift.debug.xcconfig */ = {isa = PBXFileReference; includeInIndex = 1; lastKnownFileType = text.xcconfig; name = "Pods-weather gift.debug.xcconfig"; path = "Target Support Files/Pods-weather gift/Pods-weather gift.debug.xcconfig"; sourceTree = "<group>"; };
		A7EE832FE26ED381FB6CE9BA /* Pods_weather_gift.framework */ = {isa = PBXFileReference; explicitFileType = wrapper.framework; includeInIndex = 0; path = Pods_weather_gift.framework; sourceTree = BUILT_PRODUCTS_DIR; };
		CECB946922B730B5C37B1436 /* Pods-weather gift.release.xcconfig */ = {isa = PBXFileReference; includeInIndex = 1; lastKnownFileType = text.xcconfig; name = "Pods-weather gift.release.xcconfig"; path = "Target Support Files/Pods-weather gift/Pods-weather gift.release.xcconfig"; sourceTree = "<group>"; };
/* End PBXFileReference section */

/* Begin PBXFrameworksBuildPhase section */
		840F808F2352CB330099DF6A /* Frameworks */ = {
			isa = PBXFrameworksBuildPhase;
			buildActionMask = 2147483647;
			files = (
				CA08761971E169469560EB67 /* Pods_weather_gift.framework in Frameworks */,
			);
			runOnlyForDeploymentPostprocessing = 0;
		};
/* End PBXFrameworksBuildPhase section */

/* Begin PBXGroup section */
		840F80892352CB330099DF6A = {
			isa = PBXGroup;
			children = (
				840F80942352CB330099DF6A /* weather gift */,
				840F80932352CB330099DF6A /* Products */,
				F539F5179480E473289970BA /* Pods */,
				C492ECC11A0F083BFF178A79 /* Frameworks */,
			);
			sourceTree = "<group>";
		};
		840F80932352CB330099DF6A /* Products */ = {
			isa = PBXGroup;
			children = (
				840F80922352CB330099DF6A /* weather gift.app */,
			);
			name = Products;
			sourceTree = "<group>";
		};
		840F80942352CB330099DF6A /* weather gift */ = {
			isa = PBXGroup;
			children = (
				840F80952352CB330099DF6A /* AppDelegate.swift */,
				84574C10235CD2B90038EF4F /* WeatherLocation.swift */,
				840F80AB2352D3B10099DF6A /* PageVC.swift */,
				840F80A72352CDC80099DF6A /* DetailVC.swift */,
				84E00277236680BC00F5901C /* DayWeatherCell.swift */,
				840F80A92352D1BC0099DF6A /* ListVC.swift */,
				84574C12235D11DB0038EF4F /* Constants.swift */,
				840F80992352CB330099DF6A /* Main.storyboard */,
				840F809C2352CB350099DF6A /* Assets.xcassets */,
				840F809E2352CB350099DF6A /* LaunchScreen.storyboard */,
				840F80A12352CB350099DF6A /* Info.plist */,
			);
			path = "weather gift";
			sourceTree = "<group>";
		};
		C492ECC11A0F083BFF178A79 /* Frameworks */ = {
			isa = PBXGroup;
			children = (
				A7EE832FE26ED381FB6CE9BA /* Pods_weather_gift.framework */,
			);
			name = Frameworks;
			sourceTree = "<group>";
		};
		F539F5179480E473289970BA /* Pods */ = {
			isa = PBXGroup;
			children = (
				A07153F9C96CC2FD6F9F8364 /* Pods-weather gift.debug.xcconfig */,
				CECB946922B730B5C37B1436 /* Pods-weather gift.release.xcconfig */,
			);
			path = Pods;
			sourceTree = "<group>";
		};
/* End PBXGroup section */

/* Begin PBXNativeTarget section */
		840F80912352CB330099DF6A /* weather gift */ = {
			isa = PBXNativeTarget;
			buildConfigurationList = 840F80A42352CB350099DF6A /* Build configuration list for PBXNativeTarget "weather gift" */;
			buildPhases = (
				A2207FC1ABEFA33391E5A290 /* [CP] Check Pods Manifest.lock */,
				840F808E2352CB330099DF6A /* Sources */,
				840F808F2352CB330099DF6A /* Frameworks */,
				840F80902352CB330099DF6A /* Resources */,
				5482440DED6BF93E17F4D118 /* [CP] Embed Pods Frameworks */,
				35D7A34E5A16B932C39C9E35 /* [CP] Copy Pods Resources */,
			);
			buildRules = (
			);
			dependencies = (
			);
			name = "weather gift";
			productName = "weather gift";
			productReference = 840F80922352CB330099DF6A /* weather gift.app */;
			productType = "com.apple.product-type.application";
		};
/* End PBXNativeTarget section */

/* Begin PBXProject section */
		840F808A2352CB330099DF6A /* Project object */ = {
			isa = PBXProject;
			attributes = {
				LastSwiftUpdateCheck = 1030;
				LastUpgradeCheck = 1030;
				ORGANIZATIONNAME = "Nick Haidari";
				TargetAttributes = {
					840F80912352CB330099DF6A = {
						CreatedOnToolsVersion = 10.3;
					};
				};
			};
			buildConfigurationList = 840F808D2352CB330099DF6A /* Build configuration list for PBXProject "WeatherGift" */;
			compatibilityVersion = "Xcode 9.3";
			developmentRegion = en;
			hasScannedForEncodings = 0;
			knownRegions = (
				en,
				Base,
			);
			mainGroup = 840F80892352CB330099DF6A;
			productRefGroup = 840F80932352CB330099DF6A /* Products */;
			projectDirPath = "";
			projectRoot = "";
			targets = (
				840F80912352CB330099DF6A /* weather gift */,
			);
		};
/* End PBXProject section */

/* Begin PBXResourcesBuildPhase section */
		840F80902352CB330099DF6A /* Resources */ = {
			isa = PBXResourcesBuildPhase;
			buildActionMask = 2147483647;
			files = (
				840F80A02352CB350099DF6A /* LaunchScreen.storyboard in Resources */,
				840F809D2352CB350099DF6A /* Assets.xcassets in Resources */,
				840F809B2352CB330099DF6A /* Main.storyboard in Resources */,
			);
			runOnlyForDeploymentPostprocessing = 0;
		};
/* End PBXResourcesBuildPhase section */

/* Begin PBXShellScriptBuildPhase section */
		35D7A34E5A16B932C39C9E35 /* [CP] Copy Pods Resources */ = {
			isa = PBXShellScriptBuildPhase;
			buildActionMask = 2147483647;
			files = (
			);
			inputFileListPaths = (
				"${PODS_ROOT}/Target Support Files/Pods-weather gift/Pods-weather gift-resources-${CONFIGURATION}-input-files.xcfilelist",
			);
			name = "[CP] Copy Pods Resources";
			outputFileListPaths = (
				"${PODS_ROOT}/Target Support Files/Pods-weather gift/Pods-weather gift-resources-${CONFIGURATION}-output-files.xcfilelist",
			);
			runOnlyForDeploymentPostprocessing = 0;
			shellPath = /bin/sh;
			shellScript = "\"${PODS_ROOT}/Target Support Files/Pods-weather gift/Pods-weather gift-resources.sh\"\n";
			showEnvVarsInLog = 0;
		};
		5482440DED6BF93E17F4D118 /* [CP] Embed Pods Frameworks */ = {
			isa = PBXShellScriptBuildPhase;
			buildActionMask = 2147483647;
			files = (
			);
			inputFileListPaths = (
				"${PODS_ROOT}/Target Support Files/Pods-weather gift/Pods-weather gift-frameworks-${CONFIGURATION}-input-files.xcfilelist",
			);
			name = "[CP] Embed Pods Frameworks";
			outputFileListPaths = (
				"${PODS_ROOT}/Target Support Files/Pods-weather gift/Pods-weather gift-frameworks-${CONFIGURATION}-output-files.xcfilelist",
			);
			runOnlyForDeploymentPostprocessing = 0;
			shellPath = /bin/sh;
			shellScript = "\"${PODS_ROOT}/Target Support Files/Pods-weather gift/Pods-weather gift-frameworks.sh\"\n";
			showEnvVarsInLog = 0;
		};
		A2207FC1ABEFA33391E5A290 /* [CP] Check Pods Manifest.lock */ = {
			isa = PBXShellScriptBuildPhase;
			buildActionMask = 2147483647;
			files = (
			);
			inputFileListPaths = (
			);
			inputPaths = (
				"${PODS_PODFILE_DIR_PATH}/Podfile.lock",
				"${PODS_ROOT}/Manifest.lock",
			);
			name = "[CP] Check Pods Manifest.lock";
			outputFileListPaths = (
			);
			outputPaths = (
				"$(DERIVED_FILE_DIR)/Pods-weather gift-checkManifestLockResult.txt",
			);
			runOnlyForDeploymentPostprocessing = 0;
			shellPath = /bin/sh;
			shellScript = "diff \"${PODS_PODFILE_DIR_PATH}/Podfile.lock\" \"${PODS_ROOT}/Manifest.lock\" > /dev/null\nif [ $? != 0 ] ; then\n    # print error to STDERR\n    echo \"error: The sandbox is not in sync with the Podfile.lock. Run 'pod install' or update your CocoaPods installation.\" >&2\n    exit 1\nfi\n# This output is used by Xcode 'outputs' to avoid re-running this script phase.\necho \"SUCCESS\" > \"${SCRIPT_OUTPUT_FILE_0}\"\n";
			showEnvVarsInLog = 0;
		};
/* End PBXShellScriptBuildPhase section */

/* Begin PBXSourcesBuildPhase section */
		840F808E2352CB330099DF6A /* Sources */ = {
			isa = PBXSourcesBuildPhase;
			buildActionMask = 2147483647;
			files = (
				84E00278236680BC00F5901C /* DayWeatherCell.swift in Sources */,
				84574C11235CD2B90038EF4F /* WeatherLocation.swift in Sources */,
				840F80AA2352D1BC0099DF6A /* ListVC.swift in Sources */,
				840F80AC2352D3B10099DF6A /* PageVC.swift in Sources */,
				840F80962352CB330099DF6A /* AppDelegate.swift in Sources */,
				840F80A82352CDC80099DF6A /* DetailVC.swift in Sources */,
				84574C13235D11DB0038EF4F /* Constants.swift in Sources */,
			);
			runOnlyForDeploymentPostprocessing = 0;
		};
/* End PBXSourcesBuildPhase section */

/* Begin PBXVariantGroup section */
		840F80992352CB330099DF6A /* Main.storyboard */ = {
			isa = PBXVariantGroup;
			children = (
				840F809A2352CB330099DF6A /* Base */,
			);
			name = Main.storyboard;
			sourceTree = "<group>";
		};
		840F809E2352CB350099DF6A /* LaunchScreen.storyboard */ = {
			isa = PBXVariantGroup;
			children = (
				840F809F2352CB350099DF6A /* Base */,
			);
			name = LaunchScreen.storyboard;
			sourceTree = "<group>";
		};
/* End PBXVariantGroup section */

/* Begin XCBuildConfiguration section */
		840F80A22352CB350099DF6A /* Debug */ = {
			isa = XCBuildConfiguration;
			buildSettings = {
				ALWAYS_SEARCH_USER_PATHS = NO;
				CLANG_ANALYZER_NONNULL = YES;
				CLANG_ANALYZER_NUMBER_OBJECT_CONVERSION = YES_AGGRESSIVE;
				CLANG_CXX_LANGUAGE_STANDARD = "gnu++14";
				CLANG_CXX_LIBRARY = "libc++";
				CLANG_ENABLE_MODULES = YES;
				CLANG_ENABLE_OBJC_ARC = YES;
				CLANG_ENABLE_OBJC_WEAK = YES;
				CLANG_WARN_BLOCK_CAPTURE_AUTORELEASING = YES;
				CLANG_WARN_BOOL_CONVERSION = YES;
				CLANG_WARN_COMMA = YES;
				CLANG_WARN_CONSTANT_CONVERSION = YES;
				CLANG_WARN_DEPRECATED_OBJC_IMPLEMENTATIONS = YES;
				CLANG_WARN_DIRECT_OBJC_ISA_USAGE = YES_ERROR;
				CLANG_WARN_DOCUMENTATION_COMMENTS = YES;
				CLANG_WARN_EMPTY_BODY = YES;
				CLANG_WARN_ENUM_CONVERSION = YES;
				CLANG_WARN_INFINITE_RECURSION = YES;
				CLANG_WARN_INT_CONVERSION = YES;
				CLANG_WARN_NON_LITERAL_NULL_CONVERSION = YES;
				CLANG_WARN_OBJC_IMPLICIT_RETAIN_SELF = YES;
				CLANG_WARN_OBJC_LITERAL_CONVERSION = YES;
				CLANG_WARN_OBJC_ROOT_CLASS = YES_ERROR;
				CLANG_WARN_RANGE_LOOP_ANALYSIS = YES;
				CLANG_WARN_STRICT_PROTOTYPES = YES;
				CLANG_WARN_SUSPICIOUS_MOVE = YES;
				CLANG_WARN_UNGUARDED_AVAILABILITY = YES_AGGRESSIVE;
				CLANG_WARN_UNREACHABLE_CODE = YES;
				CLANG_WARN__DUPLICATE_METHOD_MATCH = YES;
				CODE_SIGN_IDENTITY = "iPhone Developer";
				COPY_PHASE_STRIP = NO;
				DEBUG_INFORMATION_FORMAT = dwarf;
				ENABLE_STRICT_OBJC_MSGSEND = YES;
				ENABLE_TESTABILITY = YES;
				GCC_C_LANGUAGE_STANDARD = gnu11;
				GCC_DYNAMIC_NO_PIC = NO;
				GCC_NO_COMMON_BLOCKS = YES;
				GCC_OPTIMIZATION_LEVEL = 0;
				GCC_PREPROCESSOR_DEFINITIONS = (
					"DEBUG=1",
					"$(inherited)",
				);
				GCC_WARN_64_TO_32_BIT_CONVERSION = YES;
				GCC_WARN_ABOUT_RETURN_TYPE = YES_ERROR;
				GCC_WARN_UNDECLARED_SELECTOR = YES;
				GCC_WARN_UNINITIALIZED_AUTOS = YES_AGGRESSIVE;
				GCC_WARN_UNUSED_FUNCTION = YES;
				GCC_WARN_UNUSED_VARIABLE = YES;
				IPHONEOS_DEPLOYMENT_TARGET = 12.4;
				MTL_ENABLE_DEBUG_INFO = INCLUDE_SOURCE;
				MTL_FAST_MATH = YES;
				ONLY_ACTIVE_ARCH = YES;
				SDKROOT = iphoneos;
				SWIFT_ACTIVE_COMPILATION_CONDITIONS = DEBUG;
				SWIFT_OPTIMIZATION_LEVEL = "-Onone";
			};
			name = Debug;
		};
		840F80A32352CB350099DF6A /* Release */ = {
			isa = XCBuildConfiguration;
			buildSettings = {
				ALWAYS_SEARCH_USER_PATHS = NO;
				CLANG_ANALYZER_NONNULL = YES;
				CLANG_ANALYZER_NUMBER_OBJECT_CONVERSION = YES_AGGRESSIVE;
				CLANG_CXX_LANGUAGE_STANDARD = "gnu++14";
				CLANG_CXX_LIBRARY = "libc++";
				CLANG_ENABLE_MODULES = YES;
				CLANG_ENABLE_OBJC_ARC = YES;
				CLANG_ENABLE_OBJC_WEAK = YES;
				CLANG_WARN_BLOCK_CAPTURE_AUTORELEASING = YES;
				CLANG_WARN_BOOL_CONVERSION = YES;
				CLANG_WARN_COMMA = YES;
				CLANG_WARN_CONSTANT_CONVERSION = YES;
				CLANG_WARN_DEPRECATED_OBJC_IMPLEMENTATIONS = YES;
				CLANG_WARN_DIRECT_OBJC_ISA_USAGE = YES_ERROR;
				CLANG_WARN_DOCUMENTATION_COMMENTS = YES;
				CLANG_WARN_EMPTY_BODY = YES;
				CLANG_WARN_ENUM_CONVERSION = YES;
				CLANG_WARN_INFINITE_RECURSION = YES;
				CLANG_WARN_INT_CONVERSION = YES;
				CLANG_WARN_NON_LITERAL_NULL_CONVERSION = YES;
				CLANG_WARN_OBJC_IMPLICIT_RETAIN_SELF = YES;
				CLANG_WARN_OBJC_LITERAL_CONVERSION = YES;
				CLANG_WARN_OBJC_ROOT_CLASS = YES_ERROR;
				CLANG_WARN_RANGE_LOOP_ANALYSIS = YES;
				CLANG_WARN_STRICT_PROTOTYPES = YES;
				CLANG_WARN_SUSPICIOUS_MOVE = YES;
				CLANG_WARN_UNGUARDED_AVAILABILITY = YES_AGGRESSIVE;
				CLANG_WARN_UNREACHABLE_CODE = YES;
				CLANG_WARN__DUPLICATE_METHOD_MATCH = YES;
				CODE_SIGN_IDENTITY = "iPhone Developer";
				COPY_PHASE_STRIP = NO;
				DEBUG_INFORMATION_FORMAT = "dwarf-with-dsym";
				ENABLE_NS_ASSERTIONS = NO;
				ENABLE_STRICT_OBJC_MSGSEND = YES;
				GCC_C_LANGUAGE_STANDARD = gnu11;
				GCC_NO_COMMON_BLOCKS = YES;
				GCC_WARN_64_TO_32_BIT_CONVERSION = YES;
				GCC_WARN_ABOUT_RETURN_TYPE = YES_ERROR;
				GCC_WARN_UNDECLARED_SELECTOR = YES;
				GCC_WARN_UNINITIALIZED_AUTOS = YES_AGGRESSIVE;
				GCC_WARN_UNUSED_FUNCTION = YES;
				GCC_WARN_UNUSED_VARIABLE = YES;
				IPHONEOS_DEPLOYMENT_TARGET = 12.4;
				MTL_ENABLE_DEBUG_INFO = NO;
				MTL_FAST_MATH = YES;
				SDKROOT = iphoneos;
				SWIFT_COMPILATION_MODE = wholemodule;
				SWIFT_OPTIMIZATION_LEVEL = "-O";
				VALIDATE_PRODUCT = YES;
			};
			name = Release;
		};
		840F80A52352CB350099DF6A /* Debug */ = {
			isa = XCBuildConfiguration;
			baseConfigurationReference = A07153F9C96CC2FD6F9F8364 /* Pods-weather gift.debug.xcconfig */;
			buildSettings = {
				ASSETCATALOG_COMPILER_APPICON_NAME = AppIcon;
				CODE_SIGN_STYLE = Automatic;
				DEVELOPMENT_TEAM = 2SL6LL2TA9;
				INFOPLIST_FILE = "weather gift/Info.plist";
				IPHONEOS_DEPLOYMENT_TARGET = 12.0;
				LD_RUNPATH_SEARCH_PATHS = (
					"$(inherited)",
					"@executable_path/Frameworks",
				);
				PRODUCT_BUNDLE_IDENTIFIER = "Nick-Haidari.weather-gift";
				PRODUCT_NAME = "$(TARGET_NAME)";
				SWIFT_VERSION = 5.0;
				TARGETED_DEVICE_FAMILY = "1,2";
			};
			name = Debug;
		};
		840F80A62352CB350099DF6A /* Release */ = {
			isa = XCBuildConfiguration;
			baseConfigurationReference = CECB946922B730B5C37B1436 /* Pods-weather gift.release.xcconfig */;
			buildSettings = {
				ASSETCATALOG_COMPILER_APPICON_NAME = AppIcon;
				CODE_SIGN_STYLE = Automatic;
				DEVELOPMENT_TEAM = 2SL6LL2TA9;
				INFOPLIST_FILE = "weather gift/Info.plist";
				IPHONEOS_DEPLOYMENT_TARGET = 12.0;
				LD_RUNPATH_SEARCH_PATHS = (
					"$(inherited)",
					"@executable_path/Frameworks",
				);
				PRODUCT_BUNDLE_IDENTIFIER = "Nick-Haidari.weather-gift";
				PRODUCT_NAME = "$(TARGET_NAME)";
				SWIFT_VERSION = 5.0;
				TARGETED_DEVICE_FAMILY = "1,2";
			};
			name = Release;
		};
/* End XCBuildConfiguration section */

/* Begin XCConfigurationList section */
		840F808D2352CB330099DF6A /* Build configuration list for PBXProject "WeatherGift" */ = {
			isa = XCConfigurationList;
			buildConfigurations = (
				840F80A22352CB350099DF6A /* Debug */,
				840F80A32352CB350099DF6A /* Release */,
			);
			defaultConfigurationIsVisible = 0;
			defaultConfigurationName = Release;
		};
		840F80A42352CB350099DF6A /* Build configuration list for PBXNativeTarget "weather gift" */ = {
			isa = XCConfigurationList;
			buildConfigurations = (
				840F80A52352CB350099DF6A /* Debug */,
				840F80A62352CB350099DF6A /* Release */,
			);
			defaultConfigurationIsVisible = 0;
			defaultConfigurationName = Release;
		};
/* End XCConfigurationList section */
	};
	rootObject = 840F808A2352CB330099DF6A /* Project object */;
}
